// !$*UTF8*$!
{
	archiveVersion = 1;
	classes = {
	};
	objectVersion = 50;
	objects = {

/* Begin PBXBuildFile section */
		5B8B154622DA4A3200F994FC /* Interactor.swift in Sources */ = {isa = PBXBuildFile; fileRef = 5B8B154522DA4A3200F994FC /* Interactor.swift */; };
		5B8B154822DA4E2A00F994FC /* Entity.swift in Sources */ = {isa = PBXBuildFile; fileRef = 5B8B154722DA4E2A00F994FC /* Entity.swift */; };
		5B8B154A22DA590300F994FC /* ObjectRouter.swift in Sources */ = {isa = PBXBuildFile; fileRef = 5B8B154922DA590300F994FC /* ObjectRouter.swift */; };
		5BC95E5722DA1720009F442F /* AppDelegate.swift in Sources */ = {isa = PBXBuildFile; fileRef = 5BC95E5622DA1720009F442F /* AppDelegate.swift */; };
		5BC95E5922DA1720009F442F /* ViewController.swift in Sources */ = {isa = PBXBuildFile; fileRef = 5BC95E5822DA1720009F442F /* ViewController.swift */; };
		5BC95E5C22DA1720009F442F /* Main.storyboard in Resources */ = {isa = PBXBuildFile; fileRef = 5BC95E5A22DA1720009F442F /* Main.storyboard */; };
		5BC95E5E22DA1722009F442F /* Assets.xcassets in Resources */ = {isa = PBXBuildFile; fileRef = 5BC95E5D22DA1722009F442F /* Assets.xcassets */; };
		5BC95E6122DA1722009F442F /* LaunchScreen.storyboard in Resources */ = {isa = PBXBuildFile; fileRef = 5BC95E5F22DA1722009F442F /* LaunchScreen.storyboard */; };
		5BC95E7222DA1987009F442F /* VIPERProtocols.swift in Sources */ = {isa = PBXBuildFile; fileRef = 5BC95E7122DA1987009F442F /* VIPERProtocols.swift */; };
		5BC95E7422DA1C14009F442F /* Presenter.swift in Sources */ = {isa = PBXBuildFile; fileRef = 5BC95E7322DA1C14009F442F /* Presenter.swift */; };
/* End PBXBuildFile section */

/* Begin PBXFileReference section */
		5B8B154522DA4A3200F994FC /* Interactor.swift */ = {isa = PBXFileReference; lastKnownFileType = sourcecode.swift; path = Interactor.swift; sourceTree = "<group>"; };
		5B8B154722DA4E2A00F994FC /* Entity.swift */ = {isa = PBXFileReference; lastKnownFileType = sourcecode.swift; path = Entity.swift; sourceTree = "<group>"; };
		5B8B154922DA590300F994FC /* ObjectRouter.swift */ = {isa = PBXFileReference; lastKnownFileType = sourcecode.swift; path = ObjectRouter.swift; sourceTree = "<group>"; };
		5BC95E5322DA1720009F442F /* VIPER architecture.app */ = {isa = PBXFileReference; explicitFileType = wrapper.application; includeInIndex = 0; path = "VIPER architecture.app"; sourceTree = BUILT_PRODUCTS_DIR; };
		5BC95E5622DA1720009F442F /* AppDelegate.swift */ = {isa = PBXFileReference; lastKnownFileType = sourcecode.swift; path = AppDelegate.swift; sourceTree = "<group>"; };
		5BC95E5822DA1720009F442F /* ViewController.swift */ = {isa = PBXFileReference; lastKnownFileType = sourcecode.swift; path = ViewController.swift; sourceTree = "<group>"; };
		5BC95E5B22DA1720009F442F /* Base */ = {isa = PBXFileReference; lastKnownFileType = file.storyboard; name = Base; path = Base.lproj/Main.storyboard; sourceTree = "<group>"; };
		5BC95E5D22DA1722009F442F /* Assets.xcassets */ = {isa = PBXFileReference; lastKnownFileType = folder.assetcatalog; path = Assets.xcassets; sourceTree = "<group>"; };
		5BC95E6022DA1722009F442F /* Base */ = {isa = PBXFileReference; lastKnownFileType = file.storyboard; name = Base; path = Base.lproj/LaunchScreen.storyboard; sourceTree = "<group>"; };
		5BC95E6222DA1722009F442F /* Info.plist */ = {isa = PBXFileReference; lastKnownFileType = text.plist.xml; path = Info.plist; sourceTree = "<group>"; };
		5BC95E7122DA1987009F442F /* VIPERProtocols.swift */ = {isa = PBXFileReference; lastKnownFileType = sourcecode.swift; path = VIPERProtocols.swift; sourceTree = "<group>"; };
		5BC95E7322DA1C14009F442F /* Presenter.swift */ = {isa = PBXFileReference; lastKnownFileType = sourcecode.swift; path = Presenter.swift; sourceTree = "<group>"; };
/* End PBXFileReference section */

/* Begin PBXFrameworksBuildPhase section */
		5BC95E5022DA1720009F442F /* Frameworks */ = {
			isa = PBXFrameworksBuildPhase;
			buildActionMask = 2147483647;
			files = (
			);
			runOnlyForDeploymentPostprocessing = 0;
		};
/* End PBXFrameworksBuildPhase section */

/* Begin PBXGroup section */
		5BC95E4A22DA1720009F442F = {
			isa = PBXGroup;
			children = (
				5BC95E5522DA1720009F442F /* VIPER architecture */,
				5BC95E5422DA1720009F442F /* Products */,
			);
			sourceTree = "<group>";
		};
		5BC95E5422DA1720009F442F /* Products */ = {
			isa = PBXGroup;
			children = (
				5BC95E5322DA1720009F442F /* VIPER architecture.app */,
			);
			name = Products;
			sourceTree = "<group>";
		};
		5BC95E5522DA1720009F442F /* VIPER architecture */ = {
			isa = PBXGroup;
			children = (
				5BC95E7022DA1925009F442F /* Protocols */,
				5BC95E6A22DA17EA009F442F /* Modules */,
				5BC95E5622DA1720009F442F /* AppDelegate.swift */,
				5BC95E5A22DA1720009F442F /* Main.storyboard */,
				5BC95E5D22DA1722009F442F /* Assets.xcassets */,
				5BC95E5F22DA1722009F442F /* LaunchScreen.storyboard */,
				5BC95E6222DA1722009F442F /* Info.plist */,
			);
			path = "VIPER architecture";
			sourceTree = "<group>";
		};
		5BC95E6A22DA17EA009F442F /* Modules */ = {
			isa = PBXGroup;
			children = (
				5BC95E6F22DA1887009F442F /* Interactors */,
				5BC95E6E22DA1865009F442F /* Entities */,
				5BC95E6D22DA184A009F442F /* Routers */,
				5BC95E6C22DA181E009F442F /* Presenters */,
				5BC95E6B22DA1801009F442F /* Views */,
			);
			path = Modules;
			sourceTree = "<group>";
		};
		5BC95E6B22DA1801009F442F /* Views */ = {
			isa = PBXGroup;
			children = (
				5BC95E5822DA1720009F442F /* ViewController.swift */,
			);
			path = Views;
			sourceTree = "<group>";
		};
		5BC95E6C22DA181E009F442F /* Presenters */ = {
			isa = PBXGroup;
			children = (
				5BC95E7322DA1C14009F442F /* Presenter.swift */,
			);
			path = Presenters;
			sourceTree = "<group>";
		};
		5BC95E6D22DA184A009F442F /* Routers */ = {
			isa = PBXGroup;
			children = (
				5B8B154922DA590300F994FC /* ObjectRouter.swift */,
			);
			path = Routers;
			sourceTree = "<group>";
		};
		5BC95E6E22DA1865009F442F /* Entities */ = {
			isa = PBXGroup;
			children = (
				5B8B154722DA4E2A00F994FC /* Entity.swift */,
			);
			path = Entities;
			sourceTree = "<group>";
		};
		5BC95E6F22DA1887009F442F /* Interactors */ = {
			isa = PBXGroup;
			children = (
				5B8B154522DA4A3200F994FC /* Interactor.swift */,
			);
			path = Interactors;
			sourceTree = "<group>";
		};
		5BC95E7022DA1925009F442F /* Protocols */ = {
			isa = PBXGroup;
			children = (
				5BC95E7122DA1987009F442F /* VIPERProtocols.swift */,
			);
			path = Protocols;
			sourceTree = "<group>";
		};
/* End PBXGroup section */

/* Begin PBXNativeTarget section */
		5BC95E5222DA1720009F442F /* VIPER architecture */ = {
			isa = PBXNativeTarget;
			buildConfigurationList = 5BC95E6522DA1722009F442F /* Build configuration list for PBXNativeTarget "VIPER architecture" */;
			buildPhases = (
				5BC95E4F22DA1720009F442F /* Sources */,
				5BC95E5022DA1720009F442F /* Frameworks */,
				5BC95E5122DA1720009F442F /* Resources */,
			);
			buildRules = (
			);
			dependencies = (
			);
			name = "VIPER architecture";
			productName = "VIPER architecture";
			productReference = 5BC95E5322DA1720009F442F /* VIPER architecture.app */;
			productType = "com.apple.product-type.application";
		};
/* End PBXNativeTarget section */

/* Begin PBXProject section */
		5BC95E4B22DA1720009F442F /* Project object */ = {
			isa = PBXProject;
			attributes = {
				LastSwiftUpdateCheck = 1020;
				LastUpgradeCheck = 1020;
				ORGANIZATIONNAME = "Basel Shoban";
				TargetAttributes = {
					5BC95E5222DA1720009F442F = {
						CreatedOnToolsVersion = 10.2;
					};
				};
			};
			buildConfigurationList = 5BC95E4E22DA1720009F442F /* Build configuration list for PBXProject "VIPER architecture" */;
			compatibilityVersion = "Xcode 9.3";
			developmentRegion = en;
			hasScannedForEncodings = 0;
			knownRegions = (
				en,
				Base,
			);
			mainGroup = 5BC95E4A22DA1720009F442F;
			productRefGroup = 5BC95E5422DA1720009F442F /* Products */;
			projectDirPath = "";
			projectRoot = "";
			targets = (
				5BC95E5222DA1720009F442F /* VIPER architecture */,
			);
		};
/* End PBXProject section */

/* Begin PBXResourcesBuildPhase section */
		5BC95E5122DA1720009F442F /* Resources */ = {
			isa = PBXResourcesBuildPhase;
			buildActionMask = 2147483647;
			files = (
				5BC95E6122DA1722009F442F /* LaunchScreen.storyboard in Resources */,
				5BC95E5E22DA1722009F442F /* Assets.xcassets in Resources */,
				5BC95E5C22DA1720009F442F /* Main.storyboard in Resources */,
			);
			runOnlyForDeploymentPostprocessing = 0;
		};
/* End PBXResourcesBuildPhase section */

/* Begin PBXSourcesBuildPhase section */
		5BC95E4F22DA1720009F442F /* Sources */ = {
			isa = PBXSourcesBuildPhase;
			buildActionMask = 2147483647;
			files = (
				5BC95E5922DA1720009F442F /* ViewController.swift in Sources */,
				5BC95E7222DA1987009F442F /* VIPERProtocols.swift in Sources */,
				5B8B154822DA4E2A00F994FC /* Entity.swift in Sources */,
				5B8B154622DA4A3200F994FC /* Interactor.swift in Sources */,
				5B8B154A22DA590300F994FC /* ObjectRouter.swift in Sources */,
				5BC95E7422DA1C14009F442F /* Presenter.swift in Sources */,
				5BC95E5722DA1720009F442F /* AppDelegate.swift in Sources */,
			);
			runOnlyForDeploymentPostprocessing = 0;
		};
/* End PBXSourcesBuildPhase section */

/* Begin PBXVariantGroup section */
		5BC95E5A22DA1720009F442F /* Main.storyboard */ = {
			isa = PBXVariantGroup;
			children = (
				5BC95E5B22DA1720009F442F /* Base */,
			);
			name = Main.storyboard;
			sourceTree = "<group>";
		};
		5BC95E5F22DA1722009F442F /* LaunchScreen.storyboard */ = {
			isa = PBXVariantGroup;
			children = (
				5BC95E6022DA1722009F442F /* Base */,
			);
			name = LaunchScreen.storyboard;
			sourceTree = "<group>";
		};
/* End PBXVariantGroup section */

/* Begin XCBuildConfiguration section */
		5BC95E6322DA1722009F442F /* Debug */ = {
			isa = XCBuildConfiguration;
			buildSettings = {
				ALWAYS_SEARCH_USER_PATHS = NO;
				CLANG_ANALYZER_NONNULL = YES;
				CLANG_ANALYZER_NUMBER_OBJECT_CONVERSION = YES_AGGRESSIVE;
				CLANG_CXX_LANGUAGE_STANDARD = "gnu++14";
				CLANG_CXX_LIBRARY = "libc++";
				CLANG_ENABLE_MODULES = YES;
				CLANG_ENABLE_OBJC_ARC = YES;
				CLANG_ENABLE_OBJC_WEAK = YES;
				CLANG_WARN_BLOCK_CAPTURE_AUTORELEASING = YES;
				CLANG_WARN_BOOL_CONVERSION = YES;
				CLANG_WARN_COMMA = YES;
				CLANG_WARN_CONSTANT_CONVERSION = YES;
				CLANG_WARN_DEPRECATED_OBJC_IMPLEMENTATIONS = YES;
				CLANG_WARN_DIRECT_OBJC_ISA_USAGE = YES_ERROR;
				CLANG_WARN_DOCUMENTATION_COMMENTS = YES;
				CLANG_WARN_EMPTY_BODY = YES;
				CLANG_WARN_ENUM_CONVERSION = YES;
				CLANG_WARN_INFINITE_RECURSION = YES;
				CLANG_WARN_INT_CONVERSION = YES;
				CLANG_WARN_NON_LITERAL_NULL_CONVERSION = YES;
				CLANG_WARN_OBJC_IMPLICIT_RETAIN_SELF = YES;
				CLANG_WARN_OBJC_LITERAL_CONVERSION = YES;
				CLANG_WARN_OBJC_ROOT_CLASS = YES_ERROR;
				CLANG_WARN_RANGE_LOOP_ANALYSIS = YES;
				CLANG_WARN_STRICT_PROTOTYPES = YES;
				CLANG_WARN_SUSPICIOUS_MOVE = YES;
				CLANG_WARN_UNGUARDED_AVAILABILITY = YES_AGGRESSIVE;
				CLANG_WARN_UNREACHABLE_CODE = YES;
				CLANG_WARN__DUPLICATE_METHOD_MATCH = YES;
				CODE_SIGN_IDENTITY = "iPhone Developer";
				COPY_PHASE_STRIP = NO;
				DEBUG_INFORMATION_FORMAT = dwarf;
				ENABLE_STRICT_OBJC_MSGSEND = YES;
				ENABLE_TESTABILITY = YES;
				GCC_C_LANGUAGE_STANDARD = gnu11;
				GCC_DYNAMIC_NO_PIC = NO;
				GCC_NO_COMMON_BLOCKS = YES;
				GCC_OPTIMIZATION_LEVEL = 0;
				GCC_PREPROCESSOR_DEFINITIONS = (
					"DEBUG=1",
					"$(inherited)",
				);
				GCC_WARN_64_TO_32_BIT_CONVERSION = YES;
				GCC_WARN_ABOUT_RETURN_TYPE = YES_ERROR;
				GCC_WARN_UNDECLARED_SELECTOR = YES;
				GCC_WARN_UNINITIALIZED_AUTOS = YES_AGGRESSIVE;
				GCC_WARN_UNUSED_FUNCTION = YES;
				GCC_WARN_UNUSED_VARIABLE = YES;
				IPHONEOS_DEPLOYMENT_TARGET = 12.2;
				MTL_ENABLE_DEBUG_INFO = INCLUDE_SOURCE;
				MTL_FAST_MATH = YES;
				ONLY_ACTIVE_ARCH = YES;
				SDKROOT = iphoneos;
				SWIFT_ACTIVE_COMPILATION_CONDITIONS = DEBUG;
				SWIFT_OPTIMIZATION_LEVEL = "-Onone";
			};
			name = Debug;
		};
		5BC95E6422DA1722009F442F /* Release */ = {
			isa = XCBuildConfiguration;
			buildSettings = {
				ALWAYS_SEARCH_USER_PATHS = NO;
				CLANG_ANALYZER_NONNULL = YES;
				CLANG_ANALYZER_NUMBER_OBJECT_CONVERSION = YES_AGGRESSIVE;
				CLANG_CXX_LANGUAGE_STANDARD = "gnu++14";
				CLANG_CXX_LIBRARY = "libc++";
				CLANG_ENABLE_MODULES = YES;
				CLANG_ENABLE_OBJC_ARC = YES;
				CLANG_ENABLE_OBJC_WEAK = YES;
				CLANG_WARN_BLOCK_CAPTURE_AUTORELEASING = YES;
				CLANG_WARN_BOOL_CONVERSION = YES;
				CLANG_WARN_COMMA = YES;
				CLANG_WARN_CONSTANT_CONVERSION = YES;
				CLANG_WARN_DEPRECATED_OBJC_IMPLEMENTATIONS = YES;
				CLANG_WARN_DIRECT_OBJC_ISA_USAGE = YES_ERROR;
				CLANG_WARN_DOCUMENTATION_COMMENTS = YES;
				CLANG_WARN_EMPTY_BODY = YES;
				CLANG_WARN_ENUM_CONVERSION = YES;
				CLANG_WARN_INFINITE_RECURSION = YES;
				CLANG_WARN_INT_CONVERSION = YES;
				CLANG_WARN_NON_LITERAL_NULL_CONVERSION = YES;
				CLANG_WARN_OBJC_IMPLICIT_RETAIN_SELF = YES;
				CLANG_WARN_OBJC_LITERAL_CONVERSION = YES;
				CLANG_WARN_OBJC_ROOT_CLASS = YES_ERROR;
				CLANG_WARN_RANGE_LOOP_ANALYSIS = YES;
				CLANG_WARN_STRICT_PROTOTYPES = YES;
				CLANG_WARN_SUSPICIOUS_MOVE = YES;
				CLANG_WARN_UNGUARDED_AVAILABILITY = YES_AGGRESSIVE;
				CLANG_WARN_UNREACHABLE_CODE = YES;
				CLANG_WARN__DUPLICATE_METHOD_MATCH = YES;
				CODE_SIGN_IDENTITY = "iPhone Developer";
				COPY_PHASE_STRIP = NO;
				DEBUG_INFORMATION_FORMAT = "dwarf-with-dsym";
				ENABLE_NS_ASSERTIONS = NO;
				ENABLE_STRICT_OBJC_MSGSEND = YES;
				GCC_C_LANGUAGE_STANDARD = gnu11;
				GCC_NO_COMMON_BLOCKS = YES;
				GCC_WARN_64_TO_32_BIT_CONVERSION = YES;
				GCC_WARN_ABOUT_RETURN_TYPE = YES_ERROR;
				GCC_WARN_UNDECLARED_SELECTOR = YES;
				GCC_WARN_UNINITIALIZED_AUTOS = YES_AGGRESSIVE;
				GCC_WARN_UNUSED_FUNCTION = YES;
				GCC_WARN_UNUSED_VARIABLE = YES;
				IPHONEOS_DEPLOYMENT_TARGET = 12.2;
				MTL_ENABLE_DEBUG_INFO = NO;
				MTL_FAST_MATH = YES;
				SDKROOT = iphoneos;
				SWIFT_COMPILATION_MODE = wholemodule;
				SWIFT_OPTIMIZATION_LEVEL = "-O";
				VALIDATE_PRODUCT = YES;
			};
			name = Release;
		};
		5BC95E6622DA1722009F442F /* Debug */ = {
			isa = XCBuildConfiguration;
			buildSettings = {
				ASSETCATALOG_COMPILER_APPICON_NAME = AppIcon;
				CODE_SIGN_STYLE = Automatic;
				DEVELOPMENT_TEAM = 9VD8U5HBU2;
				INFOPLIST_FILE = "VIPER architecture/Info.plist";
				LD_RUNPATH_SEARCH_PATHS = (
					"$(inherited)",
					"@executable_path/Frameworks",
				);
				PRODUCT_BUNDLE_IDENTIFIER = "com.basel.shoban.VIPER-architecture";
				PRODUCT_NAME = "$(TARGET_NAME)";
				SWIFT_VERSION = 5.0;
				TARGETED_DEVICE_FAMILY = "1,2";
			};
			name = Debug;
		};
		5BC95E6722DA1722009F442F /* Release */ = {
			isa = XCBuildConfiguration;
			buildSettings = {
				ASSETCATALOG_COMPILER_APPICON_NAME = AppIcon;
				CODE_SIGN_STYLE = Automatic;
				DEVELOPMENT_TEAM = 9VD8U5HBU2;
				INFOPLIST_FILE = "VIPER architecture/Info.plist";
				LD_RUNPATH_SEARCH_PATHS = (
					"$(inherited)",
					"@executable_path/Frameworks",
				);
				PRODUCT_BUNDLE_IDENTIFIER = "com.basel.shoban.VIPER-architecture";
				PRODUCT_NAME = "$(TARGET_NAME)";
				SWIFT_VERSION = 5.0;
				TARGETED_DEVICE_FAMILY = "1,2";
			};
			name = Release;
		};
/* End XCBuildConfiguration section */

/* Begin XCConfigurationList section */
		5BC95E4E22DA1720009F442F /* Build configuration list for PBXProject "VIPER architecture" */ = {
			isa = XCConfigurationList;
			buildConfigurations = (
				5BC95E6322DA1722009F442F /* Debug */,
				5BC95E6422DA1722009F442F /* Release */,
			);
			defaultConfigurationIsVisible = 0;
			defaultConfigurationName = Release;
		};
		5BC95E6522DA1722009F442F /* Build configuration list for PBXNativeTarget "VIPER architecture" */ = {
			isa = XCConfigurationList;
			buildConfigurations = (
				5BC95E6622DA1722009F442F /* Debug */,
				5BC95E6722DA1722009F442F /* Release */,
			);
			defaultConfigurationIsVisible = 0;
			defaultConfigurationName = Release;
		};
/* End XCConfigurationList section */
	};
	rootObject = 5BC95E4B22DA1720009F442F /* Project object */;
}
